{
    "hash": "8e0114c601f9355ebc580ed44102bb8d",
    "packages": [
        {
            "name": "doctrine/common",
            "version": "2.3.x-dev",
            "source": {
                "type": "git",
                "url": "https://github.com/doctrine/common",
                "reference": "bb0aebbf234db52df476a2b473d434745b34221c"
            },
            "dist": {
                "type": "zip",
                "url": "https://github.com/doctrine/common/zipball/bb0aebbf234db52df476a2b473d434745b34221c",
                "reference": "bb0aebbf234db52df476a2b473d434745b34221c",
                "shasum": ""
            },
            "require": {
                "php": ">=5.3.2"
            },
            "time": "1348120518",
            "type": "library",
            "extra": {
                "branch-alias": {
                    "dev-master": "2.3.x-dev"
                }
            },
            "installation-source": "source",
            "autoload": {
                "psr-0": {
                    "Doctrine\\Common": "lib/"
                }
            }
        },
        {
            "name": "doctrine/dbal",
            "version": "2.3.x-dev",
            "source": {
                "type": "git",
                "url": "https://github.com/doctrine/dbal",
                "reference": "219d96a1592e9e23087eb6861b4f8233d06c6463"
            },
            "dist": {
                "type": "zip",
                "url": "https://github.com/doctrine/dbal/zipball/219d96a1592e9e23087eb6861b4f8233d06c6463",
                "reference": "219d96a1592e9e23087eb6861b4f8233d06c6463",
                "shasum": ""
            },
            "require": {
                "php": ">=5.3.2",
                "doctrine/common": "2.3.*"
            },
            "time": "1349518912",
            "type": "library",
            "extra": {
                "branch-alias": {
                    "dev-master": "2.3.x-dev"
                }
            },
            "installation-source": "source",
            "autoload": {
                "psr-0": {
                    "Doctrine\\DBAL": "lib/"
                }
            }
        },
        {
            "name": "doctrine/doctrine-bundle",
            "version": "dev-master",
            "target-dir": "Doctrine/Bundle/DoctrineBundle",
            "source": {
                "type": "git",
                "url": "git://github.com/doctrine/DoctrineBundle.git",
                "reference": "e69a6fd75fa3979e35b7004e6da6e9aea3765997"
            },
            "dist": {
                "type": "zip",
                "url": "https://github.com/doctrine/DoctrineBundle/zipball/e69a6fd75fa3979e35b7004e6da6e9aea3765997",
                "reference": "e69a6fd75fa3979e35b7004e6da6e9aea3765997",
                "shasum": ""
            },
            "require": {
                "php": ">=5.3.2",
                "doctrine/dbal": ">=2.2,<2.4-dev",
                "symfony/framework-bundle": ">=2.1,<2.3-dev",
                "symfony/doctrine-bridge": ">=2.1,<2.3-dev"
            },
            "require-dev": {
                "doctrine/orm": ">=2.2,<2.4-dev",
                "symfony/yaml": ">=2.1,<2.3-dev",
                "symfony/validator": ">=2.1,<2.3-dev"
            },
            "suggest": {
                "doctrine/orm": "The Doctrine ORM integration is optional in the bundle."
            },
            "time": "1349273376",
            "type": "symfony-bundle",
            "extra": {
                "branch-alias": {
                    "dev-master": "1.0.x-dev"
                }
            },
            "installation-source": "source",
            "autoload": {
                "psr-0": {
                    "Doctrine\\Bundle\\DoctrineBundle": ""
                }
            }
        },
        {
            "name": "doctrine/orm",
            "version": "2.3.x-dev",
            "source": {
                "type": "git",
                "url": "git://github.com/doctrine/doctrine2.git",
                "reference": "564ec1ee2a6a439312ee9105a2a076af7c992e5b"
            },
            "dist": {
                "type": "zip",
                "url": "https://github.com/doctrine/doctrine2/zipball/564ec1ee2a6a439312ee9105a2a076af7c992e5b",
                "reference": "564ec1ee2a6a439312ee9105a2a076af7c992e5b",
                "shasum": ""
            },
            "require": {
                "php": ">=5.3.2",
                "ext-pdo": "*",
                "symfony/console": "2.*",
                "doctrine/dbal": "2.3.*"
            },
            "suggest": {
                "symfony/yaml": "If you want to use YAML Metadata Mapping Driver"
            },
            "time": "1349472005",
            "bin": [
                "bin/doctrine",
                "bin/doctrine.php"
            ],
            "type": "library",
            "extra": {
                "branch-alias": {
                    "dev-master": "2.3.x-dev"
                }
            },
            "installation-source": "source",
            "autoload": {
                "psr-0": {
                    "Doctrine\\ORM": "lib/"
                }
            }
        },
        {
            "name": "friendsofsymfony/user-bundle",
            "version": "dev-master",
            "target-dir": "FOS/UserBundle",
            "source": {
                "type": "git",
                "url": "https://github.com/FriendsOfSymfony/FOSUserBundle",
                "reference": "51b0fa8fbb637940ebc9060386d95a75fd5ac51a"
            },
            "dist": {
                "type": "zip",
                "url": "https://github.com/FriendsOfSymfony/FOSUserBundle/zipball/51b0fa8fbb637940ebc9060386d95a75fd5ac51a",
                "reference": "51b0fa8fbb637940ebc9060386d95a75fd5ac51a",
                "shasum": ""
            },
            "require": {
                "php": ">=5.3.2",
                "symfony/framework-bundle": ">=2.1,<2.3-dev",
                "symfony/security-bundle": ">=2.1,<2.3-dev"
            },
            "require-dev": {
                "twig/twig": "*",
                "doctrine/doctrine-bundle": "*",
                "swiftmailer/swiftmailer": "*",
                "willdurand/propel-typehintable-behavior": "dev-master",
                "symfony/validator": "2.1.*",
                "symfony/yaml": "2.1.*"
            },
            "suggest": {
                "doctrine/couchdb-odm-bundle": "*",
                "doctrine/doctrine-bundle": "*",
                "doctrine/mongodb-odm-bundle": "*"
            },
            "time": "1349476472",
            "type": "symfony-bundle",
            "extra": {
                "branch-alias": {
                    "dev-master": "2.0.x-dev"
                }
            },
            "installation-source": "source",
            "autoload": {
                "psr-0": {
                    "FOS\\UserBundle": ""
                }
            }
        },
        {
            "name": "gedmo/doctrine-extensions",
            "version": "dev-master",
            "source": {
                "type": "git",
                "url": "git://github.com/l3pp4rd/DoctrineExtensions.git",
                "reference": "0add69ccb0cb22e3216c30166805ae27615cb8f0"
            },
            "dist": {
                "type": "zip",
                "url": "https://github.com/l3pp4rd/DoctrineExtensions/zipball/0add69ccb0cb22e3216c30166805ae27615cb8f0",
                "reference": "0add69ccb0cb22e3216c30166805ae27615cb8f0",
                "shasum": ""
            },
            "require": {
                "php": ">=5.3.2",
                "doctrine/common": ">=2.2,<2.5-dev"
            },
            "suggest": {
                "doctrine/orm": ">=2.1",
                "doctrine/mongodb-odm": "*"
            },
            "time": "1349375111",
            "type": "library",
            "extra": {
                "branch-alias": {
                    "dev-master": "2.3.x-dev"
                }
            },
            "installation-source": "source",
            "autoload": {
                "psr-0": {
                    "Gedmo": "lib/"
                }
            }
        },
        {
            "name": "jms/aop-bundle",
            "version": "1.0.0",
            "target-dir": "JMS/AopBundle",
            "source": {
                "type": "git",
                "url": "https://github.com/schmittjoh/JMSAopBundle",
                "reference": "1.0.0"
            },
            "dist": {
                "type": "zip",
                "url": "https://github.com/schmittjoh/JMSAopBundle/zipball/1.0.0",
                "reference": "1.0.0",
                "shasum": ""
            },
            "require": {
                "symfony/framework-bundle": "2.*",
                "jms/cg": "1.0.0"
            },
            "time": "2012-01-02 01:50:26",
            "type": "symfony-bundle",
            "installation-source": "dist",
            "autoload": {
                "psr-0": {
                    "JMS\\AopBundle": ""
                }
            },
            "license": [
                "Apache"
            ],
            "authors": [
                {
                    "name": "Johannes M. Schmitt",
                    "email": "schmittjoh@gmail.com",
                    "homepage": "https://github.com/schmittjoh",
                    "role": null
                }
            ],
            "description": "Adds AOP capabilities to Symfony2",
            "keywords": [
                "annotations",
                "aop"
            ]
        },
        {
            "name": "jms/cg",
            "version": "1.0.0",
            "source": {
                "type": "git",
                "url": "git://github.com/schmittjoh/cg-library.git",
                "reference": "1.0.0"
            },
            "dist": {
                "type": "zip",
                "url": "https://github.com/schmittjoh/cg-library/zipball/1.0.0",
                "reference": "1.0.0",
                "shasum": ""
            },
            "require": {
                "php": ">=5.3.0"
            },
            "time": "2012-01-02 01:40:52",
            "type": "library",
            "installation-source": "dist",
            "autoload": {
                "psr-0": {
                    "CG\\": "src/"
                }
            },
            "license": [
                "Apache"
            ],
            "authors": [
                {
                    "name": "Johannes M. Schmitt",
                    "email": "schmittjoh@gmail.com",
                    "homepage": "https://github.com/schmittjoh",
                    "role": null
                }
            ],
            "description": "Toolset for generating PHP code",
            "keywords": [
                "code generation"
            ]
        },
        {
            "name": "jms/debugging-bundle",
            "version": "dev-master",
            "target-dir": "JMS/DebuggingBundle",
            "source": {
                "type": "git",
                "url": "git://github.com/schmittjoh/JMSDebuggingBundle.git",
                "reference": "bf8ae6ac4af78b4e1881c6fb5e60f8202ef99566"
            },
            "dist": {
                "type": "zip",
                "url": "https://github.com/schmittjoh/JMSDebuggingBundle/zipball/bf8ae6ac4af78b4e1881c6fb5e60f8202ef99566",
                "reference": "bf8ae6ac4af78b4e1881c6fb5e60f8202ef99566",
                "shasum": ""
            },
            "require": {
                "php": ">=5.3.2",
                "symfony/framework-bundle": ">=2.0,<2.2-dev"
            },
            "time": "1342691862",
            "type": "symfony-bundle",
            "installation-source": "source",
            "autoload": {
                "psr-0": {
                    "JMS\\DebuggingBundle": ""
                }
            },
            "license": [
                "Apache2"
            ],
            "authors": [
                {
                    "name": "Johannes M. Schmitt",
                    "email": "schmittjoh@gmail.com",
                    "homepage": "https://github.com/schmittjoh",
                    "role": null
                }
            ],
            "description": "This bundle provides advanced debugging tools (for your Symfony2 project).",
            "homepage": "http://jmsyst.com/bundles/JMSDebuggingBundle",
            "keywords": [
                "debugging"
            ]
        },
        {
            "name": "jms/di-extra-bundle",
            "version": "1.1.x-dev",
            "target-dir": "JMS/DiExtraBundle",
            "source": {
                "type": "git",
                "url": "https://github.com/schmittjoh/JMSDiExtraBundle",
                "reference": "1.1.1"
            },
            "dist": {
                "type": "zip",
                "url": "https://github.com/schmittjoh/JMSDiExtraBundle/zipball/1.1.1",
                "reference": "1.1.1",
                "shasum": ""
            },
            "require": {
                "symfony/framework-bundle": "2.1.*",
                "jms/aop-bundle": "1.0.*",
                "jms/metadata": "1.1.*",
                "symfony/process": "2.1.*",
                "symfony/finder": "2.1.*"
            },
            "require-dev": {
                "jms/security-extra-bundle": "1.*",
                "symfony/validator": "*",
                "symfony/form": "*",
                "symfony/class-loader": "*",
                "symfony/yaml": "*",
                "symfony/browser-kit": "*",
                "symfony/security-bundle": "*",
                "symfony/twig-bundle": "*",
                "sensio/framework-extra-bundle": "*",
                "doctrine/doctrine-bundle": "*",
                "doctrine/orm": "*"
            },
            "time": "1348217792",
            "type": "symfony-bundle",
            "installation-source": "source",
            "autoload": {
                "psr-0": {
                    "JMS\\DiExtraBundle": ""
                }
            }
        },
        {
            "name": "jms/metadata",
            "version": "1.1.1",
            "source": {
                "type": "git",
                "url": "https://github.com/schmittjoh/metadata",
                "reference": "1.1.1"
            },
            "dist": {
                "type": "zip",
                "url": "https://github.com/schmittjoh/metadata/zipball/1.1.1",
                "reference": "1.1.1",
                "shasum": ""
            },
            "require": {
                "php": ">=5.3.0"
            },
            "time": "2012-01-02 02:32:49",
            "type": "library",
            "installation-source": "dist",
            "autoload": {
                "psr-0": {
                    "Metadata\\": "src/"
                }
            },
            "license": [
                "Apache"
            ],
            "authors": [
                {
                    "name": "Johannes M. Schmitt",
                    "email": "schmittjoh@gmail.com",
                    "homepage": "https://github.com/schmittjoh",
                    "role": null
                }
            ],
            "description": "Class/method/property metadata management in PHP",
            "keywords": [
                "annotations",
                "yaml",
                "xml",
                "metadata"
            ]
        },
        {
            "name": "jms/security-extra-bundle",
            "version": "1.2.x-dev",
            "target-dir": "JMS/SecurityExtraBundle",
            "source": {
                "type": "git",
                "url": "https://github.com/schmittjoh/JMSSecurityExtraBundle",
                "reference": "9ab6aceda50fc7a2b07d741ba4b3f0695508afcb"
            },
            "dist": {
                "type": "zip",
                "url": "https://github.com/schmittjoh/JMSSecurityExtraBundle/zipball/9ab6aceda50fc7a2b07d741ba4b3f0695508afcb",
                "reference": "9ab6aceda50fc7a2b07d741ba4b3f0695508afcb",
                "shasum": ""
            },
            "require": {
                "symfony/framework-bundle": "2.1.*",
                "symfony/security-bundle": "*",
                "jms/metadata": "1.1.*",
                "jms/aop-bundle": "1.0.*",
                "jms/di-extra-bundle": "1.1.*"
            },
            "require-dev": {
                "sensio/framework-extra-bundle": "*",
                "symfony/class-loader": "*",
                "symfony/yaml": "*",
                "symfony/browser-kit": "*",
                "symfony/finder": "*",
                "symfony/css-selector": "*",
                "symfony/process": "*",
                "doctrine/doctrine-bundle": "*",
                "symfony/twig-bundle": "*",
                "doctrine/orm": "*",
                "symfony/form": "*",
                "symfony/validator": "*"
            },
            "time": "1346947943",
            "type": "symfony-bundle",
            "installation-source": "source",
            "autoload": {
                "psr-0": {
                    "JMS\\SecurityExtraBundle": ""
                }
            }
        },
        {
            "name": "kriswallsmith/assetic",
            "version": "dev-master",
            "source": {
                "type": "git",
                "url": "http://github.com/kriswallsmith/assetic.git",
                "reference": "e22c5e07e672bb0cf43127e97e9368b53abf4aa8"
            },
            "dist": {
                "type": "zip",
                "url": "https://github.com/kriswallsmith/assetic/zipball/e22c5e07e672bb0cf43127e97e9368b53abf4aa8",
                "reference": "e22c5e07e672bb0cf43127e97e9368b53abf4aa8",
                "shasum": ""
            },
            "require": {
                "symfony/process": ">=2.1.0,<2.3-dev",
                "php": ">=5.3.1"
            },
            "require-dev": {
                "twig/twig": ">=1.6.0,<2.0",
                "leafo/lessphp": "*",
                "leafo/scssphp": "*",
                "ptachoire/cssembed": "*",
                "leafo/scssphp-compass": "*"
            },
            "suggest": {
                "twig/twig": "Assetic provides the integration with the Twig templating engine",
                "leafo/lessphp": "Assetic provides the integration with the lessphp LESS compiler",
                "leafo/scssphp": "Assetic provides the integration with the scssphp SCSS compiler",
                "ptachoire/cssembed": "Assetic provides the integration with phpcssembed to embed data uris",
                "leafo/scssphp-compass": "Assetic provides the integration with the SCSS compass plugin"
            },
            "time": "1349004759",
            "type": "library",
            "extra": {
                "branch-alias": {
                    "dev-master": "1.1-dev"
                }
            },
            "installation-source": "source",
            "autoload": {
                "psr-0": {
                    "Assetic": "src/"
                },
                "files": [
                    "src/functions.php"
                ]
            }
        },
        {
            "name": "monolog/monolog",
            "version": "dev-master",
            "source": {
                "type": "git",
                "url": "https://github.com/Seldaek/monolog",
                "reference": "09b3a80cfaf3e323e348a5e817afeee98d5e6b48"
            },
            "dist": {
                "type": "zip",
                "url": "https://github.com/Seldaek/monolog/zipball/09b3a80cfaf3e323e348a5e817afeee98d5e6b48",
                "reference": "09b3a80cfaf3e323e348a5e817afeee98d5e6b48",
                "shasum": ""
            },
            "require": {
                "php": ">=5.3.0"
            },
            "require-dev": {
                "mlehner/gelf-php": "1.0.*"
            },
            "suggest": {
                "mlehner/gelf-php": "Allow sending log messages to a GrayLog2 server",
                "ext-amqp": "Allow sending log messages to an AMQP server (1.0+ required)",
                "ext-mongo": "Allow sending log messages to a MongoDB server"
            },
            "time": "1347983448",
            "type": "library",
            "extra": {
                "branch-alias": {
                    "dev-master": "1.3.x-dev"
                }
            },
            "installation-source": "source",
            "autoload": {
                "psr-0": {
                    "Monolog": "src/"
                }
            }
        },
        {
            "name": "mysql-workbench-schema-exporter/mysql-workbench-schema-exporter",
            "version": "dev-master",
            "source": {
                "type": "git",
                "url": "https://github.com/johmue/mysql-workbench-schema-exporter",
                "reference": "45d12f5bf80c45b45f2d8a5a9c5b2f71155a6532"
            },
            "dist": {
                "type": "zip",
                "url": "https://github.com/johmue/mysql-workbench-schema-exporter/zipball/45d12f5bf80c45b45f2d8a5a9c5b2f71155a6532",
                "reference": "45d12f5bf80c45b45f2d8a5a9c5b2f71155a6532",
                "shasum": ""
            },
            "require": {
                "php": ">=5.3.0"
            },
            "time": "1349426781",
            "type": "cli",
            "installation-source": "source"
        },
        {
            "name": "raphaelgoetter/knacss",
            "version": "master",
            "source": {
                "type": "git",
                "url": "https://github.com/raphaelgoetter/KNACSS.git",
                "reference": "master"
            },
            "type": "library",
            "installation-source": "source",
            "time": "1343717514"
        },
        {
            "name": "raulfraile/ladybug",
            "version": "dev-master",
            "source": {
                "type": "git",
                "url": "https://github.com/raulfraile/Ladybug",
                "reference": "9d03eab167c1b9f84f9a832c2e26140a780f6100"
            },
            "dist": {
                "type": "zip",
                "url": "https://github.com/raulfraile/Ladybug/zipball/9d03eab167c1b9f84f9a832c2e26140a780f6100",
                "reference": "9d03eab167c1b9f84f9a832c2e26140a780f6100",
                "shasum": ""
            },
            "require": {
                "php": ">=5.3.0",
                "symfony/serializer": ">=2.0.4",
                "symfony/yaml": ">=2.0.4"
            },
            "time": "1342109959",
            "type": "library",
            "installation-source": "source",
            "autoload": {
                "psr-0": {
                    "Ladybug": "lib/"
                }
            },
            "license": [
                "MIT"
            ],
            "authors": [
                {
                    "name": "Raul Fraile",
                    "email": "raulfraile@gmail.com",
                    "homepage": "http://www.raulfrailebeneyto.com/",
                    "role": null
                }
            ],
            "description": "Simple and Extensible PHP Dumper",
            "homepage": "https://github.com/raulfraile/Ladybug",
            "keywords": [
                "tree",
                "dump",
                "ladybug"
            ]
        },
        {
            "name": "raulfraile/ladybug-bundle",
            "version": "dev-master",
            "target-dir": "RaulFraile/Bundle/LadybugBundle",
            "source": {
                "type": "git",
                "url": "https://github.com/raulfraile/LadybugBundle",
                "reference": "a2aa7a445d575dc34cc500076b5f7acd24a2c2a6"
            },
            "dist": {
                "type": "zip",
                "url": "https://github.com/raulfraile/LadybugBundle/zipball/a2aa7a445d575dc34cc500076b5f7acd24a2c2a6",
                "reference": "a2aa7a445d575dc34cc500076b5f7acd24a2c2a6",
                "shasum": ""
            },
            "require": {
                "php": ">=5.3.2",
                "symfony/framework-bundle": ">=2.0.0",
                "raulfraile/ladybug": ">=0.5"
            },
            "replace": {
                "raulfraile/ladybugbundle": "dev-master"
            },
            "time": "1343206620",
            "type": "symfony-bundle",
            "installation-source": "source",
            "autoload": {
                "psr-0": {
                    "RaulFraile\\Bundle\\LadybugBundle": ""
                }
            },
            "license": [
                "MIT"
            ],
            "authors": [
                {
                    "name": "Raul Fraile",
                    "email": "raulfraile@gmail.com",
                    "homepage": "http://www.raulfrailebeneyto.com/",
                    "role": null
                }
            ],
            "description": "Symfony2 bundle for Ladybug library (Simple and Extensible PHP Dumper)",
            "homepage": "https://github.com/raulfraile/LadybugBundle",
            "keywords": [
                "tree",
                "twig",
                "dump",
                "ladybug"
            ]
        },
        {
            "name": "sensio/distribution-bundle",
            "version": "2.1.x-dev",
            "target-dir": "Sensio/Bundle/DistributionBundle",
            "source": {
                "type": "git",
                "url": "https://github.com/sensio/SensioDistributionBundle",
                "reference": "v2.1.1"
            },
            "dist": {
                "type": "zip",
                "url": "https://github.com/sensio/SensioDistributionBundle/zipball/v2.1.1",
                "reference": "v2.1.1",
                "shasum": ""
            },
            "require": {
                "symfony/framework-bundle": "2.1.*"
            },
            "time": "1347340208",
            "type": "symfony-bundle",
            "extra": {
                "branch-alias": {
                    "dev-master": "2.1.x-dev"
                }
            },
            "installation-source": "source",
            "autoload": {
                "psr-0": {
                    "Sensio\\Bundle\\DistributionBundle": ""
                }
            }
        },
        {
            "name": "sensio/framework-extra-bundle",
            "version": "2.1.x-dev",
            "target-dir": "Sensio/Bundle/FrameworkExtraBundle",
            "source": {
                "type": "git",
                "url": "https://github.com/sensio/SensioFrameworkExtraBundle",
                "reference": "bf2ea090d602e02b975d1bf1d8ffca8f02ef8bdb"
            },
            "dist": {
                "type": "zip",
                "url": "https://github.com/sensio/SensioFrameworkExtraBundle/zipball/bf2ea090d602e02b975d1bf1d8ffca8f02ef8bdb",
                "reference": "bf2ea090d602e02b975d1bf1d8ffca8f02ef8bdb",
                "shasum": ""
            },
            "require": {
                "symfony/framework-bundle": "2.1.*",
                "doctrine/common": ">=2.1,<2.4-dev"
            },
            "time": "1349361259",
            "type": "symfony-bundle",
            "extra": {
                "branch-alias": {
                    "dev-master": "2.1.x-dev"
                }
            },
            "installation-source": "source",
            "autoload": {
                "psr-0": {
                    "Sensio\\Bundle\\FrameworkExtraBundle": ""
                }
            }
        },
        {
            "name": "sensio/generator-bundle",
            "version": "2.1.x-dev",
            "target-dir": "Sensio/Bundle/GeneratorBundle",
            "source": {
                "type": "git",
                "url": "https://github.com/sensio/SensioGeneratorBundle",
                "reference": "3a65c9bf7d31aecacffc15a48f5eb2ece3615ef0"
            },
            "dist": {
                "type": "zip",
                "url": "https://github.com/sensio/SensioGeneratorBundle/zipball/3a65c9bf7d31aecacffc15a48f5eb2ece3615ef0",
                "reference": "3a65c9bf7d31aecacffc15a48f5eb2ece3615ef0",
                "shasum": ""
            },
            "require": {
                "symfony/framework-bundle": "2.1.*",
                "symfony/console": "2.1.*"
            },
            "require-dev": {
                "symfony/doctrine-bridge": "2.1.*",
                "doctrine/orm": ">=2.1,<2.4-dev",
                "twig/twig": ">=1.8,<2.0-dev"
            },
            "time": "1348030981",
            "type": "symfony-bundle",
            "extra": {
                "branch-alias": {
                    "dev-master": "2.1.x-dev"
                }
            },
            "installation-source": "source",
            "autoload": {
                "psr-0": {
                    "Sensio\\Bundle\\GeneratorBundle": ""
                }
            },
            "license": [
                "MIT"
            ],
            "authors": [
                {
                    "name": "Fabien Potencier",
                    "email": "fabien@symfony.com"
                }
            ],
            "description": "This bundle generates code for you"
        },
        {
            "name": "stof/doctrine-extensions-bundle",
            "version": "dev-master",
            "target-dir": "Stof/DoctrineExtensionsBundle",
            "source": {
                "type": "git",
                "url": "https://github.com/stof/StofDoctrineExtensionsBundle",
                "reference": "773b37310ca244570032541be3c8ab27b814a83f"
            },
            "dist": {
                "type": "zip",
                "url": "https://github.com/stof/StofDoctrineExtensionsBundle/zipball/773b37310ca244570032541be3c8ab27b814a83f",
                "reference": "773b37310ca244570032541be3c8ab27b814a83f",
                "shasum": ""
            },
            "require": {
                "php": ">=5.3.2",
                "symfony/framework-bundle": "2.1.*",
                "gedmo/doctrine-extensions": ">=2.3-dev"
            },
            "suggest": {
                "doctrine/doctrine-bundle": "*",
                "doctrine/mongodb-odm-bundle": "2.1.*"
            },
            "time": "1349111035",
            "type": "symfony-bundle",
            "extra": {
                "branch-alias": {
                    "dev-master": "1.1.x-dev"
                }
            },
            "installation-source": "source",
            "autoload": {
                "psr-0": {
                    "Stof\\DoctrineExtensionsBundle": ""
                }
            }
        },
        {
            "name": "swiftmailer/swiftmailer",
            "version": "dev-master",
            "source": {
                "type": "git",
                "url": "git://github.com/swiftmailer/swiftmailer.git",
                "reference": "22731e907f5ca288c9bfde6b54f3611ace0a6c39"
            },
            "dist": {
                "type": "zip",
                "url": "https://github.com/swiftmailer/swiftmailer/zipball/22731e907f5ca288c9bfde6b54f3611ace0a6c39",
                "reference": "22731e907f5ca288c9bfde6b54f3611ace0a6c39",
                "shasum": ""
            },
            "require": {
                "php": ">=5.2.4"
            },
            "time": "1349196829",
            "type": "library",
            "extra": {
                "branch-alias": {
                    "dev-master": "4.2-dev"
                }
            },
            "installation-source": "source",
            "autoload": {
                "files": [
                    "lib/swift_required.php"
                ]
            }
        },
        {
            "name": "symfony/assetic-bundle",
            "version": "dev-master",
            "target-dir": "Symfony/Bundle/AsseticBundle",
            "source": {
                "type": "git",
                "url": "https://github.com/symfony/AsseticBundle",
                "reference": "5ebcf72d9b2d7028ca8c9b71b464ccc81d4795d2"
            },
            "dist": {
                "type": "zip",
                "url": "https://github.com/symfony/AsseticBundle/zipball/5ebcf72d9b2d7028ca8c9b71b464ccc81d4795d2",
                "reference": "5ebcf72d9b2d7028ca8c9b71b464ccc81d4795d2",
                "shasum": ""
            },
            "require": {
                "php": ">=5.3.0",
                "kriswallsmith/assetic": "1.1.*",
                "symfony/framework-bundle": ">=2.1.0,<2.3-dev"
            },
            "require-dev": {
                "symfony/twig-bundle": ">=2.1.0,<2.3-dev",
                "symfony/console": ">=2.1.0,<2.3-dev",
                "symfony/class-loader": ">=2.1.0,<2.3-dev",
                "symfony/yaml": ">=2.1.0,<2.3-dev",
                "symfony/form": ">=2.1.0,<2.3-dev",
                "symfony/dom-crawler": ">=2.1.0,<2.3-dev",
                "symfony/css-selector": ">=2.1.0,<2.3-dev"
            },
            "suggest": {
                "symfony/twig-bundle": ">=2.1.0,<2.3-dev"
            },
            "time": "1348938560",
            "type": "symfony-bundle",
            "extra": {
                "branch-alias": {
                    "dev-master": "2.1.x-dev"
                }
            },
            "installation-source": "source",
            "autoload": {
                "psr-0": {
                    "Symfony\\Bundle\\AsseticBundle": ""
                }
            }
        },
        {
            "name": "symfony/monolog-bundle",
            "version": "dev-master",
            "target-dir": "Symfony/Bundle/MonologBundle",
            "source": {
                "type": "git",
                "url": "https://github.com/symfony/MonologBundle",
                "reference": "51517152a608926ee6b40ed8cfbba1a708f0a14f"
            },
            "dist": {
                "type": "zip",
                "url": "https://github.com/symfony/MonologBundle/zipball/51517152a608926ee6b40ed8cfbba1a708f0a14f",
                "reference": "51517152a608926ee6b40ed8cfbba1a708f0a14f",
                "shasum": ""
            },
            "require": {
                "php": ">=5.3.2",
                "monolog/monolog": "1.*",
                "symfony/monolog-bridge": ">=2.1.0,<2.3-dev",
                "symfony/dependency-injection": ">=2.1.0,<2.3-dev",
                "symfony/config": ">=2.1.0,<2.3-dev"
            },
            "require-dev": {
                "symfony/yaml": ">=2.1.0,<2.3-dev",
                "symfony/config": ">=2.1.0,<2.3-dev"
            },
            "time": "1348137624",
            "type": "symfony-bundle",
            "extra": {
                "branch-alias": {
                    "dev-master": "2.1.x-dev"
                }
            },
            "installation-source": "source",
            "autoload": {
                "psr-0": {
                    "Symfony\\Bundle\\MonologBundle": ""
                }
            }
        },
        {
            "name": "symfony/swiftmailer-bundle",
            "version": "dev-master",
            "target-dir": "Symfony/Bundle/SwiftmailerBundle",
            "source": {
                "type": "git",
                "url": "https://github.com/symfony/SwiftmailerBundle",
                "reference": "e055faf5d7279f3c01ffd58f1548e0fc524b71d1"
            },
            "dist": {
                "type": "zip",
                "url": "https://github.com/symfony/SwiftmailerBundle/zipball/e055faf5d7279f3c01ffd58f1548e0fc524b71d1",
                "reference": "e055faf5d7279f3c01ffd58f1548e0fc524b71d1",
                "shasum": ""
            },
            "require": {
                "php": ">=5.3.2",
                "swiftmailer/swiftmailer": ">=4.2.0,<4.3-dev",
                "symfony/swiftmailer-bridge": ">=2.1.0,<2.3-dev"
            },
            "require-dev": {
                "symfony/dependency-injection": ">=2.1.0,<2.3-dev",
                "symfony/http-kernel": ">=2.1.0,<2.3-dev",
                "symfony/config": ">=2.1.0,<2.3-dev",
                "symfony/yaml": ">=2.1.0,<2.3-dev"
            },
            "time": "1348137776",
            "type": "symfony-bundle",
            "extra": {
                "branch-alias": {
                    "dev-master": "2.1-dev"
                }
            },
            "installation-source": "source",
            "autoload": {
                "psr-0": {
                    "Symfony\\Bundle\\SwiftmailerBundle": ""
                }
            }
        },
        {
            "name": "symfony/symfony",
            "version": "2.1.x-dev",
            "source": {
                "type": "git",
                "url": "git://github.com/symfony/symfony.git",
                "reference": "f152170899634d9ee66292dac177186cf4696408"
            },
            "dist": {
                "type": "zip",
                "url": "https://github.com/symfony/symfony/zipball/f152170899634d9ee66292dac177186cf4696408",
                "reference": "f152170899634d9ee66292dac177186cf4696408",
                "shasum": ""
            },
            "require": {
                "php": ">=5.3.3",
                "doctrine/common": ">2.2,<2.4-dev",
                "twig/twig": ">=1.9.1,<2.0-dev"
            },
            "replace": {
                "symfony/doctrine-bridge": "self.version",
                "symfony/monolog-bridge": "self.version",
                "symfony/propel1-bridge": "self.version",
                "symfony/swiftmailer-bridge": "self.version",
                "symfony/twig-bridge": "self.version",
                "symfony/framework-bundle": "self.version",
                "symfony/security-bundle": "self.version",
                "symfony/twig-bundle": "self.version",
                "symfony/web-profiler-bundle": "self.version",
                "symfony/browser-kit": "self.version",
                "symfony/class-loader": "self.version",
                "symfony/config": "self.version",
                "symfony/console": "self.version",
                "symfony/css-selector": "self.version",
                "symfony/dependency-injection": "self.version",
                "symfony/dom-crawler": "self.version",
                "symfony/event-dispatcher": "self.version",
                "symfony/filesystem": "self.version",
                "symfony/finder": "self.version",
                "symfony/form": "self.version",
                "symfony/http-foundation": "self.version",
                "symfony/http-kernel": "self.version",
                "symfony/locale": "self.version",
                "symfony/options-resolver": "self.version",
                "symfony/process": "self.version",
                "symfony/routing": "self.version",
                "symfony/security": "self.version",
                "symfony/serializer": "self.version",
                "symfony/templating": "self.version",
                "symfony/translation": "self.version",
                "symfony/validator": "self.version",
                "symfony/yaml": "self.version"
            },
            "require-dev": {
                "doctrine/dbal": ">=2.2,<2.4-dev",
                "doctrine/orm": ">=2.2.3,<2.4-dev",
                "doctrine/data-fixtures": "1.0.*",
                "propel/propel1": "dev-master",
                "monolog/monolog": "dev-master"
            },
            "time": "1349553363",
            "type": "library",
            "extra": {
                "branch-alias": {
                    "dev-master": "2.1-dev"
                }
            },
            "installation-source": "source",
            "autoload": {
                "psr-0": {
                    "Symfony": "src/",
                    "SessionHandlerInterface": "src/Symfony/Component/HttpFoundation/Resources/stubs"
                }
            }
        },
        {
            "name": "twig/extensions",
            "version": "dev-master",
            "source": {
                "type": "git",
                "url": "https://github.com/fabpot/Twig-extensions",
                "reference": "f904575642b1213db69b4a98f08397e722ba1cae"
            },
            "dist": {
                "type": "zip",
                "url": "https://github.com/fabpot/Twig-extensions/zipball/f904575642b1213db69b4a98f08397e722ba1cae",
                "reference": "f904575642b1213db69b4a98f08397e722ba1cae",
                "shasum": ""
            },
            "require": {
                "twig/twig": "1.*"
            },
            "time": "1346770278",
            "type": "library",
            "extra": {
                "branch-alias": {
                    "dev-master": "1.0.x-dev"
                }
            },
            "installation-source": "source",
            "autoload": {
                "psr-0": {
                    "Twig_Extensions_": "lib/"
                }
            }
        },
        {
            "name": "twig/twig",
            "version": "dev-master",
            "source": {
                "type": "git",
                "url": "git://github.com/fabpot/Twig.git",
                "reference": "347bc81d6ed8e2bb793236aa9917c7e83f81c2b3"
            },
            "dist": {
                "type": "zip",
                "url": "https://github.com/fabpot/Twig/zipball/347bc81d6ed8e2bb793236aa9917c7e83f81c2b3",
                "reference": "347bc81d6ed8e2bb793236aa9917c7e83f81c2b3",
                "shasum": ""
            },
            "require": {
                "php": ">=5.2.4"
            },
            "time": "1349702400",
            "type": "library",
            "extra": {
                "branch-alias": {
                    "dev-master": "1.10-dev"
                }
            },
            "installation-source": "source",
            "autoload": {
                "psr-0": {
                    "Twig_": "lib/"
                }
            }
        }
    ],
    "packages-dev": null,
    "aliases": [

    ],
    "minimum-stability": "dev",
    "stability-flags": {
        "stof/doctrine-extensions-bundle": 20,
        "jms/debugging-bundle": 20,
        "raulfraile/ladybugbundle": 20,
        "mysql-workbench-schema-exporter/mysql-workbench-schema-exporter": 20
    }
}
